
Microsoft Visual Studio Solution File, Format Version 12.00
# Visual Studio Version 17
VisualStudioVersion = 17.0.32112.339
MinimumVisualStudioVersion = 10.0.40219.1
Project("{9A19103F-16F7-4668-BE54-9A1E7A4F7556}") = "MarketingTask", "MarketingTask\MarketingTask.csproj", "{CDFC3E35-52FE-4B89-9C05-8C8AF2EBB73F}"
EndProject
Project("{9A19103F-16F7-4668-BE54-9A1E7A4F7556}") = "Domain", "Domain\Domain.csproj", "{480668DF-84DF-4DE8-8DBF-DE3C74ABBFE6}"
EndProject
Project("{9A19103F-16F7-4668-BE54-9A1E7A4F7556}") = "Infrastructure", "Infrastructure\Infrastructure.csproj", "{231409B2-720C-4FF6-890D-43ED8B9FF516}"
EndProject
Project("{9A19103F-16F7-4668-BE54-9A1E7A4F7556}") = "Utility", "Utility\Utility.csproj", "{60328004-5717-4339-B466-4D894EC460F8}"
EndProject
Project("{FAE04EC0-301F-11D3-BF4B-00C04F79EFBC}") = "Application", "Application\Application.csproj", "{993B4FA4-4041-4C4E-8CAB-17C94D150C9C}"
EndProject
Global
	GlobalSection(SolutionConfigurationPlatforms) = preSolution
		Debug|Any CPU = Debug|Any CPU
		Release|Any CPU = Release|Any CPU
	EndGlobalSection
	GlobalSection(ProjectConfigurationPlatforms) = postSolution
		{CDFC3E35-52FE-4B89-9C05-8C8AF2EBB73F}.Debug|Any CPU.ActiveCfg = Debug|Any CPU
		{CDFC3E35-52FE-4B89-9C05-8C8AF2EBB73F}.Debug|Any CPU.Build.0 = Debug|Any CPU
		{CDFC3E35-52FE-4B89-9C05-8C8AF2EBB73F}.Release|Any CPU.ActiveCfg = Release|Any CPU
		{CDFC3E35-52FE-4B89-9C05-8C8AF2EBB73F}.Release|Any CPU.Build.0 = Release|Any CPU
		{480668DF-84DF-4DE8-8DBF-DE3C74ABBFE6}.Debug|Any CPU.ActiveCfg = Debug|Any CPU
		{480668DF-84DF-4DE8-8DBF-DE3C74ABBFE6}.Debug|Any CPU.Build.0 = Debug|Any CPU
		{480668DF-84DF-4DE8-8DBF-DE3C74ABBFE6}.Release|Any CPU.ActiveCfg = Release|Any CPU
		{480668DF-84DF-4DE8-8DBF-DE3C74ABBFE6}.Release|Any CPU.Build.0 = Release|Any CPU
		{231409B2-720C-4FF6-890D-43ED8B9FF516}.Debug|Any CPU.ActiveCfg = Debug|Any CPU
		{231409B2-720C-4FF6-890D-43ED8B9FF516}.Debug|Any CPU.Build.0 = Debug|Any CPU
		{231409B2-720C-4FF6-890D-43ED8B9FF516}.Release|Any CPU.ActiveCfg = Release|Any CPU
		{231409B2-720C-4FF6-890D-43ED8B9FF516}.Release|Any CPU.Build.0 = Release|Any CPU
		{60328004-5717-4339-B466-4D894EC460F8}.Debug|Any CPU.ActiveCfg = Debug|Any CPU
		{60328004-5717-4339-B466-4D894EC460F8}.Debug|Any CPU.Build.0 = Debug|Any CPU
		{60328004-5717-4339-B466-4D894EC460F8}.Release|Any CPU.ActiveCfg = Release|Any CPU
		{60328004-5717-4339-B466-4D894EC460F8}.Release|Any CPU.Build.0 = Release|Any CPU
		{993B4FA4-4041-4C4E-8CAB-17C94D150C9C}.Debug|Any CPU.ActiveCfg = Debug|Any CPU
		{993B4FA4-4041-4C4E-8CAB-17C94D150C9C}.Debug|Any CPU.Build.0 = Debug|Any CPU
		{993B4FA4-4041-4C4E-8CAB-17C94D150C9C}.Release|Any CPU.ActiveCfg = Release|Any CPU
		{993B4FA4-4041-4C4E-8CAB-17C94D150C9C}.Release|Any CPU.Build.0 = Release|Any CPU
	EndGlobalSection
	GlobalSection(SolutionProperties) = preSolution
		HideSolutionNode = FALSE
	EndGlobalSection
	GlobalSection(ExtensibilityGlobals) = postSolution
		SolutionGuid = {F048CF6F-B7DE-45A8-9AE8-3067565ACB0F}
	EndGlobalSection
EndGlobal
